// !$*UTF8*$!
{
	archiveVersion = 1;
	classes = {
	};
	objectVersion = 55;
	objects = {

/* Begin PBXBuildFile section */
		2EAEDEF52881DEA900C88374 /* AppDelegate.swift in Sources */ = {isa = PBXBuildFile; fileRef = 2EAEDEF42881DEA900C88374 /* AppDelegate.swift */; };
		2EAEDEF72881DEA900C88374 /* SceneDelegate.swift in Sources */ = {isa = PBXBuildFile; fileRef = 2EAEDEF62881DEA900C88374 /* SceneDelegate.swift */; };
		2EAEDEFF2881DEA900C88374 /* Bravve.xcdatamodeld in Sources */ = {isa = PBXBuildFile; fileRef = 2EAEDEFD2881DEA900C88374 /* Bravve.xcdatamodeld */; };
		2EAEDF012881DEAB00C88374 /* Assets.xcassets in Resources */ = {isa = PBXBuildFile; fileRef = 2EAEDF002881DEAB00C88374 /* Assets.xcassets */; };
		2EAEDF042881DEAC00C88374 /* LaunchScreen.storyboard in Resources */ = {isa = PBXBuildFile; fileRef = 2EAEDF022881DEAC00C88374 /* LaunchScreen.storyboard */; };
		2EAEDF0D2881E11C00C88374 /* SplashView.swift in Sources */ = {isa = PBXBuildFile; fileRef = 2EAEDF0C2881E11C00C88374 /* SplashView.swift */; };
/* End PBXBuildFile section */

/* Begin PBXFileReference section */
		2EAEDEF12881DEA900C88374 /* Bravve.app */ = {isa = PBXFileReference; explicitFileType = wrapper.application; includeInIndex = 0; path = Bravve.app; sourceTree = BUILT_PRODUCTS_DIR; };
		2EAEDEF42881DEA900C88374 /* AppDelegate.swift */ = {isa = PBXFileReference; lastKnownFileType = sourcecode.swift; path = AppDelegate.swift; sourceTree = "<group>"; };
		2EAEDEF62881DEA900C88374 /* SceneDelegate.swift */ = {isa = PBXFileReference; lastKnownFileType = sourcecode.swift; path = SceneDelegate.swift; sourceTree = "<group>"; };
		2EAEDEFE2881DEA900C88374 /* Bravve.xcdatamodel */ = {isa = PBXFileReference; lastKnownFileType = wrapper.xcdatamodel; path = Bravve.xcdatamodel; sourceTree = "<group>"; };
		2EAEDF002881DEAB00C88374 /* Assets.xcassets */ = {isa = PBXFileReference; lastKnownFileType = folder.assetcatalog; path = Assets.xcassets; sourceTree = "<group>"; };
		2EAEDF032881DEAC00C88374 /* Base */ = {isa = PBXFileReference; lastKnownFileType = file.storyboard; name = Base; path = Base.lproj/LaunchScreen.storyboard; sourceTree = "<group>"; };
		2EAEDF052881DEAC00C88374 /* Info.plist */ = {isa = PBXFileReference; lastKnownFileType = text.plist.xml; path = Info.plist; sourceTree = "<group>"; };
		2EAEDF0C2881E11C00C88374 /* SplashView.swift */ = {isa = PBXFileReference; lastKnownFileType = sourcecode.swift; path = SplashView.swift; sourceTree = "<group>"; };
/* End PBXFileReference section */

/* Begin PBXFrameworksBuildPhase section */
		2EAEDEEE2881DEA900C88374 /* Frameworks */ = {
			isa = PBXFrameworksBuildPhase;
			buildActionMask = 2147483647;
			files = (
			);
			runOnlyForDeploymentPostprocessing = 0;
		};
/* End PBXFrameworksBuildPhase section */

/* Begin PBXGroup section */
		2EAEDEE82881DEA900C88374 = {
			isa = PBXGroup;
			children = (
				2EAEDEF32881DEA900C88374 /* Bravve */,
				2EAEDEF22881DEA900C88374 /* Products */,
			);
			sourceTree = "<group>";
		};
		2EAEDEF22881DEA900C88374 /* Products */ = {
			isa = PBXGroup;
			children = (
				2EAEDEF12881DEA900C88374 /* Bravve.app */,
			);
			name = Products;
			sourceTree = "<group>";
		};
		2EAEDEF32881DEA900C88374 /* Bravve */ = {
			isa = PBXGroup;
			children = (
				2EAEDF0E2881E16E00C88374 /* Splash */,
				2EAEDF0B2881DFB300C88374 /* Delegate */,
				2EAEDF002881DEAB00C88374 /* Assets.xcassets */,
				2EAEDF022881DEAC00C88374 /* LaunchScreen.storyboard */,
				2EAEDF052881DEAC00C88374 /* Info.plist */,
				2EAEDEFD2881DEA900C88374 /* Bravve.xcdatamodeld */,
			);
			path = Bravve;
			sourceTree = "<group>";
		};
		2EAEDF0B2881DFB300C88374 /* Delegate */ = {
			isa = PBXGroup;
			children = (
				2EAEDEF42881DEA900C88374 /* AppDelegate.swift */,
				2EAEDEF62881DEA900C88374 /* SceneDelegate.swift */,
			);
			path = Delegate;
			sourceTree = "<group>";
		};
		2EAEDF0E2881E16E00C88374 /* Splash */ = {
			isa = PBXGroup;
			children = (
				2EAEDF112881E19600C88374 /* ViewModel */,
				2EAEDF102881E18F00C88374 /* Model */,
				2EAEDF0F2881E17E00C88374 /* View */,
			);
			path = Splash;
			sourceTree = "<group>";
		};
		2EAEDF0F2881E17E00C88374 /* View */ = {
			isa = PBXGroup;
			children = (
				2EAEDF0C2881E11C00C88374 /* SplashView.swift */,
			);
			path = View;
			sourceTree = "<group>";
		};
		2EAEDF102881E18F00C88374 /* Model */ = {
			isa = PBXGroup;
			children = (
			);
			path = Model;
			sourceTree = "<group>";
		};
		2EAEDF112881E19600C88374 /* ViewModel */ = {
			isa = PBXGroup;
			children = (
			);
			path = ViewModel;
			sourceTree = "<group>";
		};
/* End PBXGroup section */

/* Begin PBXNativeTarget section */
		2EAEDEF02881DEA900C88374 /* Bravve */ = {
			isa = PBXNativeTarget;
			buildConfigurationList = 2EAEDF082881DEAC00C88374 /* Build configuration list for PBXNativeTarget "Bravve" */;
			buildPhases = (
				2EAEDEED2881DEA900C88374 /* Sources */,
				2EAEDEEE2881DEA900C88374 /* Frameworks */,
				2EAEDEEF2881DEA900C88374 /* Resources */,
			);
			buildRules = (
			);
			dependencies = (
			);
			name = Bravve;
			productName = Bravve;
			productReference = 2EAEDEF12881DEA900C88374 /* Bravve.app */;
			productType = "com.apple.product-type.application";
		};
/* End PBXNativeTarget section */

/* Begin PBXProject section */
		2EAEDEE92881DEA900C88374 /* Project object */ = {
			isa = PBXProject;
			attributes = {
				BuildIndependentTargetsInParallel = 1;
				LastSwiftUpdateCheck = 1340;
				LastUpgradeCheck = 1340;
				TargetAttributes = {
					2EAEDEF02881DEA900C88374 = {
						CreatedOnToolsVersion = 13.4.1;
					};
				};
			};
			buildConfigurationList = 2EAEDEEC2881DEA900C88374 /* Build configuration list for PBXProject "Bravve" */;
			compatibilityVersion = "Xcode 13.0";
			developmentRegion = en;
			hasScannedForEncodings = 0;
			knownRegions = (
				en,
				Base,
			);
			mainGroup = 2EAEDEE82881DEA900C88374;
			productRefGroup = 2EAEDEF22881DEA900C88374 /* Products */;
			projectDirPath = "";
			projectRoot = "";
			targets = (
				2EAEDEF02881DEA900C88374 /* Bravve */,
			);
		};
/* End PBXProject section */

/* Begin PBXResourcesBuildPhase section */
		2EAEDEEF2881DEA900C88374 /* Resources */ = {
			isa = PBXResourcesBuildPhase;
			buildActionMask = 2147483647;
			files = (
				2EAEDF042881DEAC00C88374 /* LaunchScreen.storyboard in Resources */,
				2EAEDF012881DEAB00C88374 /* Assets.xcassets in Resources */,
			);
			runOnlyForDeploymentPostprocessing = 0;
		};
/* End PBXResourcesBuildPhase section */

/* Begin PBXSourcesBuildPhase section */
		2EAEDEED2881DEA900C88374 /* Sources */ = {
			isa = PBXSourcesBuildPhase;
			buildActionMask = 2147483647;
			files = (
				2EAEDF0D2881E11C00C88374 /* SplashView.swift in Sources */,
				2EAEDEFF2881DEA900C88374 /* Bravve.xcdatamodeld in Sources */,
				2EAEDEF52881DEA900C88374 /* AppDelegate.swift in Sources */,
				2EAEDEF72881DEA900C88374 /* SceneDelegate.swift in Sources */,
			);
			runOnlyForDeploymentPostprocessing = 0;
		};
/* End PBXSourcesBuildPhase section */

/* Begin PBXVariantGroup section */
		2EAEDF022881DEAC00C88374 /* LaunchScreen.storyboard */ = {
			isa = PBXVariantGroup;
			children = (
				2EAEDF032881DEAC00C88374 /* Base */,
			);
			name = LaunchScreen.storyboard;
			sourceTree = "<group>";
		};
/* End PBXVariantGroup section */

/* Begin XCBuildConfiguration section */
		2EAEDF062881DEAC00C88374 /* Debug */ = {
			isa = XCBuildConfiguration;
			buildSettings = {
				ALWAYS_SEARCH_USER_PATHS = NO;
				CLANG_ANALYZER_NONNULL = YES;
				CLANG_ANALYZER_NUMBER_OBJECT_CONVERSION = YES_AGGRESSIVE;
				CLANG_CXX_LANGUAGE_STANDARD = "gnu++17";
				CLANG_ENABLE_MODULES = YES;
				CLANG_ENABLE_OBJC_ARC = YES;
				CLANG_ENABLE_OBJC_WEAK = YES;
				CLANG_WARN_BLOCK_CAPTURE_AUTORELEASING = YES;
				CLANG_WARN_BOOL_CONVERSION = YES;
				CLANG_WARN_COMMA = YES;
				CLANG_WARN_CONSTANT_CONVERSION = YES;
				CLANG_WARN_DEPRECATED_OBJC_IMPLEMENTATIONS = YES;
				CLANG_WARN_DIRECT_OBJC_ISA_USAGE = YES_ERROR;
				CLANG_WARN_DOCUMENTATION_COMMENTS = YES;
				CLANG_WARN_EMPTY_BODY = YES;
				CLANG_WARN_ENUM_CONVERSION = YES;
				CLANG_WARN_INFINITE_RECURSION = YES;
				CLANG_WARN_INT_CONVERSION = YES;
				CLANG_WARN_NON_LITERAL_NULL_CONVERSION = YES;
				CLANG_WARN_OBJC_IMPLICIT_RETAIN_SELF = YES;
				CLANG_WARN_OBJC_LITERAL_CONVERSION = YES;
				CLANG_WARN_OBJC_ROOT_CLASS = YES_ERROR;
				CLANG_WARN_QUOTED_INCLUDE_IN_FRAMEWORK_HEADER = YES;
				CLANG_WARN_RANGE_LOOP_ANALYSIS = YES;
				CLANG_WARN_STRICT_PROTOTYPES = YES;
				CLANG_WARN_SUSPICIOUS_MOVE = YES;
				CLANG_WARN_UNGUARDED_AVAILABILITY = YES_AGGRESSIVE;
				CLANG_WARN_UNREACHABLE_CODE = YES;
				CLANG_WARN__DUPLICATE_METHOD_MATCH = YES;
				COPY_PHASE_STRIP = NO;
				DEBUG_INFORMATION_FORMAT = dwarf;
				ENABLE_STRICT_OBJC_MSGSEND = YES;
				ENABLE_TESTABILITY = YES;
				GCC_C_LANGUAGE_STANDARD = gnu11;
				GCC_DYNAMIC_NO_PIC = NO;
				GCC_NO_COMMON_BLOCKS = YES;
				GCC_OPTIMIZATION_LEVEL = 0;
				GCC_PREPROCESSOR_DEFINITIONS = (
					"DEBUG=1",
					"$(inherited)",
				);
				GCC_WARN_64_TO_32_BIT_CONVERSION = YES;
				GCC_WARN_ABOUT_RETURN_TYPE = YES_ERROR;
				GCC_WARN_UNDECLARED_SELECTOR = YES;
				GCC_WARN_UNINITIALIZED_AUTOS = YES_AGGRESSIVE;
				GCC_WARN_UNUSED_FUNCTION = YES;
				GCC_WARN_UNUSED_VARIABLE = YES;
				IPHONEOS_DEPLOYMENT_TARGET = 15.5;
				MTL_ENABLE_DEBUG_INFO = INCLUDE_SOURCE;
				MTL_FAST_MATH = YES;
				ONLY_ACTIVE_ARCH = YES;
				SDKROOT = iphoneos;
				SWIFT_ACTIVE_COMPILATION_CONDITIONS = DEBUG;
				SWIFT_OPTIMIZATION_LEVEL = "-Onone";
			};
			name = Debug;
		};
		2EAEDF072881DEAC00C88374 /* Release */ = {
			isa = XCBuildConfiguration;
			buildSettings = {
				ALWAYS_SEARCH_USER_PATHS = NO;
				CLANG_ANALYZER_NONNULL = YES;
				CLANG_ANALYZER_NUMBER_OBJECT_CONVERSION = YES_AGGRESSIVE;
				CLANG_CXX_LANGUAGE_STANDARD = "gnu++17";
				CLANG_ENABLE_MODULES = YES;
				CLANG_ENABLE_OBJC_ARC = YES;
				CLANG_ENABLE_OBJC_WEAK = YES;
				CLANG_WARN_BLOCK_CAPTURE_AUTORELEASING = YES;
				CLANG_WARN_BOOL_CONVERSION = YES;
				CLANG_WARN_COMMA = YES;
				CLANG_WARN_CONSTANT_CONVERSION = YES;
				CLANG_WARN_DEPRECATED_OBJC_IMPLEMENTATIONS = YES;
				CLANG_WARN_DIRECT_OBJC_ISA_USAGE = YES_ERROR;
				CLANG_WARN_DOCUMENTATION_COMMENTS = YES;
				CLANG_WARN_EMPTY_BODY = YES;
				CLANG_WARN_ENUM_CONVERSION = YES;
				CLANG_WARN_INFINITE_RECURSION = YES;
				CLANG_WARN_INT_CONVERSION = YES;
				CLANG_WARN_NON_LITERAL_NULL_CONVERSION = YES;
				CLANG_WARN_OBJC_IMPLICIT_RETAIN_SELF = YES;
				CLANG_WARN_OBJC_LITERAL_CONVERSION = YES;
				CLANG_WARN_OBJC_ROOT_CLASS = YES_ERROR;
				CLANG_WARN_QUOTED_INCLUDE_IN_FRAMEWORK_HEADER = YES;
				CLANG_WARN_RANGE_LOOP_ANALYSIS = YES;
				CLANG_WARN_STRICT_PROTOTYPES = YES;
				CLANG_WARN_SUSPICIOUS_MOVE = YES;
				CLANG_WARN_UNGUARDED_AVAILABILITY = YES_AGGRESSIVE;
				CLANG_WARN_UNREACHABLE_CODE = YES;
				CLANG_WARN__DUPLICATE_METHOD_MATCH = YES;
				COPY_PHASE_STRIP = NO;
				DEBUG_INFORMATION_FORMAT = "dwarf-with-dsym";
				ENABLE_NS_ASSERTIONS = NO;
				ENABLE_STRICT_OBJC_MSGSEND = YES;
				GCC_C_LANGUAGE_STANDARD = gnu11;
				GCC_NO_COMMON_BLOCKS = YES;
				GCC_WARN_64_TO_32_BIT_CONVERSION = YES;
				GCC_WARN_ABOUT_RETURN_TYPE = YES_ERROR;
				GCC_WARN_UNDECLARED_SELECTOR = YES;
				GCC_WARN_UNINITIALIZED_AUTOS = YES_AGGRESSIVE;
				GCC_WARN_UNUSED_FUNCTION = YES;
				GCC_WARN_UNUSED_VARIABLE = YES;
				IPHONEOS_DEPLOYMENT_TARGET = 15.5;
				MTL_ENABLE_DEBUG_INFO = NO;
				MTL_FAST_MATH = YES;
				SDKROOT = iphoneos;
				SWIFT_COMPILATION_MODE = wholemodule;
				SWIFT_OPTIMIZATION_LEVEL = "-O";
				VALIDATE_PRODUCT = YES;
			};
			name = Release;
		};
		2EAEDF092881DEAC00C88374 /* Debug */ = {
			isa = XCBuildConfiguration;
			buildSettings = {
				ASSETCATALOG_COMPILER_APPICON_NAME = AppIcon;
				ASSETCATALOG_COMPILER_GLOBAL_ACCENT_COLOR_NAME = AccentColor;
				CODE_SIGN_STYLE = Automatic;
				CURRENT_PROJECT_VERSION = 1;
				GENERATE_INFOPLIST_FILE = YES;
				INFOPLIST_FILE = Bravve/Info.plist;
				INFOPLIST_KEY_UIApplicationSupportsIndirectInputEvents = YES;
				INFOPLIST_KEY_UILaunchStoryboardName = LaunchScreen;
				INFOPLIST_KEY_UISupportedInterfaceOrientations_iPad = "UIInterfaceOrientationPortrait UIInterfaceOrientationPortraitUpsideDown UIInterfaceOrientationLandscapeLeft UIInterfaceOrientationLandscapeRight";
				INFOPLIST_KEY_UISupportedInterfaceOrientations_iPhone = "UIInterfaceOrientationPortrait UIInterfaceOrientationLandscapeLeft UIInterfaceOrientationLandscapeRight";
				LD_RUNPATH_SEARCH_PATHS = (
					"$(inherited)",
					"@executable_path/Frameworks",
				);
				MARKETING_VERSION = 1.0;
				PRODUCT_BUNDLE_IDENTIFIER = "Otomanim-Dev.Bravve";
				PRODUCT_NAME = "$(TARGET_NAME)";
				SWIFT_EMIT_LOC_STRINGS = YES;
				SWIFT_VERSION = 5.0;
				TARGETED_DEVICE_FAMILY = "1,2";
			};
			name = Debug;
		};
		2EAEDF0A2881DEAC00C88374 /* Release */ = {
			isa = XCBuildConfiguration;
			buildSettings = {
				ASSETCATALOG_COMPILER_APPICON_NAME = AppIcon;
				ASSETCATALOG_COMPILER_GLOBAL_ACCENT_COLOR_NAME = AccentColor;
				CODE_SIGN_STYLE = Automatic;
				CURRENT_PROJECT_VERSION = 1;
				GENERATE_INFOPLIST_FILE = YES;
				INFOPLIST_FILE = Bravve/Info.plist;
				INFOPLIST_KEY_UIApplicationSupportsIndirectInputEvents = YES;
				INFOPLIST_KEY_UILaunchStoryboardName = LaunchScreen;
				INFOPLIST_KEY_UISupportedInterfaceOrientations_iPad = "UIInterfaceOrientationPortrait UIInterfaceOrientationPortraitUpsideDown UIInterfaceOrientationLandscapeLeft UIInterfaceOrientationLandscapeRight";
				INFOPLIST_KEY_UISupportedInterfaceOrientations_iPhone = "UIInterfaceOrientationPortrait UIInterfaceOrientationLandscapeLeft UIInterfaceOrientationLandscapeRight";
				LD_RUNPATH_SEARCH_PATHS = (
					"$(inherited)",
					"@executable_path/Frameworks",
				);
				MARKETING_VERSION = 1.0;
				PRODUCT_BUNDLE_IDENTIFIER = "Otomanim-Dev.Bravve";
				PRODUCT_NAME = "$(TARGET_NAME)";
				SWIFT_EMIT_LOC_STRINGS = YES;
				SWIFT_VERSION = 5.0;
				TARGETED_DEVICE_FAMILY = "1,2";
			};
			name = Release;
		};
/* End XCBuildConfiguration section */

/* Begin XCConfigurationList section */
		2EAEDEEC2881DEA900C88374 /* Build configuration list for PBXProject "Bravve" */ = {
			isa = XCConfigurationList;
			buildConfigurations = (
				2EAEDF062881DEAC00C88374 /* Debug */,
				2EAEDF072881DEAC00C88374 /* Release */,
			);
			defaultConfigurationIsVisible = 0;
			defaultConfigurationName = Release;
		};
		2EAEDF082881DEAC00C88374 /* Build configuration list for PBXNativeTarget "Bravve" */ = {
			isa = XCConfigurationList;
			buildConfigurations = (
				2EAEDF092881DEAC00C88374 /* Debug */,
				2EAEDF0A2881DEAC00C88374 /* Release */,
			);
			defaultConfigurationIsVisible = 0;
			defaultConfigurationName = Release;
		};
/* End XCConfigurationList section */

/* Begin XCVersionGroup section */
		2EAEDEFD2881DEA900C88374 /* Bravve.xcdatamodeld */ = {
			isa = XCVersionGroup;
			children = (
				2EAEDEFE2881DEA900C88374 /* Bravve.xcdatamodel */,
			);
			currentVersion = 2EAEDEFE2881DEA900C88374 /* Bravve.xcdatamodel */;
			path = Bravve.xcdatamodeld;
			sourceTree = "<group>";
			versionGroupType = wrapper.xcdatamodel;
		};
/* End XCVersionGroup section */
	};
	rootObject = 2EAEDEE92881DEA900C88374 /* Project object */;
}
