// !$*UTF8*$!
{
	archiveVersion = 1;
	classes = {
	};
	objectVersion = 55;
	objects = {

/* Begin PBXBuildFile section */
		0E4F4ED0289BFAA90067592A /* TermsAndCondition.swift in Sources */ = {isa = PBXBuildFile; fileRef = 0E4F4ECF289BFAA90067592A /* TermsAndCondition.swift */; };
		0ECFDE91289AD7E5005A009C /* AdviceCheckoutView.swift in Sources */ = {isa = PBXBuildFile; fileRef = 0ECFDE90289AD7E5005A009C /* AdviceCheckoutView.swift */; };
		13080CB428A17EC000A064B0 /* Network.swift in Sources */ = {isa = PBXBuildFile; fileRef = 13080CB328A17EC000A064B0 /* Network.swift */; };
		13080CB728A17F0000A064B0 /* Alamofire in Frameworks */ = {isa = PBXBuildFile; productRef = 13080CB628A17F0000A064B0 /* Alamofire */; };
		13080CB928A17F2A00A064B0 /* AccessTokenModel.swift in Sources */ = {isa = PBXBuildFile; fileRef = 13080CB828A17F2A00A064B0 /* AccessTokenModel.swift */; };
		13080CBB28A17F6B00A064B0 /* StatesModel.swift in Sources */ = {isa = PBXBuildFile; fileRef = 13080CBA28A17F6B00A064B0 /* StatesModel.swift */; };
		13080CBE28A1893200A064B0 /* ModelSitesV1.swift in Sources */ = {isa = PBXBuildFile; fileRef = 13080CBD28A1893200A064B0 /* ModelSitesV1.swift */; };
		13080CC028A18C4700A064B0 /* ModelSpacesV1.swift in Sources */ = {isa = PBXBuildFile; fileRef = 13080CBF28A18C4700A064B0 /* ModelSpacesV1.swift */; };
		1340F095289BF2D200F9A2A5 /* RecuperacaoDeSenha3ViewModel.swift in Sources */ = {isa = PBXBuildFile; fileRef = 1340F094289BF2D200F9A2A5 /* RecuperacaoDeSenha3ViewModel.swift */; };
		1340F097289BFF3F00F9A2A5 /* Reservas2.swift in Sources */ = {isa = PBXBuildFile; fileRef = 1340F096289BFF3F00F9A2A5 /* Reservas2.swift */; };
		134D68112890151C00D5572B /* BulletPoint.swift in Sources */ = {isa = PBXBuildFile; fileRef = 134D68102890151C00D5572B /* BulletPoint.swift */; };
		134D68132890154E00D5572B /* TextField.swift in Sources */ = {isa = PBXBuildFile; fileRef = 134D68122890154E00D5572B /* TextField.swift */; };
		134D68152890158A00D5572B /* RecuperacaoDeSenha3.swift in Sources */ = {isa = PBXBuildFile; fileRef = 134D68142890158A00D5572B /* RecuperacaoDeSenha3.swift */; };
		138C85AE2892BE2800997FBC /* MinhasReservas.swift in Sources */ = {isa = PBXBuildFile; fileRef = 138C85AD2892BE2800997FBC /* MinhasReservas.swift */; };
		138C85B02892BF4200997FBC /* ReservaCell.swift in Sources */ = {isa = PBXBuildFile; fileRef = 138C85AF2892BF4200997FBC /* ReservaCell.swift */; };
		13F1768628941C6200C5FD05 /* ConfirmDataView.swift in Sources */ = {isa = PBXBuildFile; fileRef = 13F1768528941C6200C5FD05 /* ConfirmDataView.swift */; };
		14054AC42899E79900BB4E3B /* KoHo-Bold.ttf in Resources */ = {isa = PBXBuildFile; fileRef = 14054AC32899E79900BB4E3B /* KoHo-Bold.ttf */; };
		14054AC62899E7A500BB4E3B /* Ubuntu-Bold.ttf in Resources */ = {isa = PBXBuildFile; fileRef = 14054AC52899E7A500BB4E3B /* Ubuntu-Bold.ttf */; };
		14054AC82899E7AD00BB4E3B /* Ubuntu-Light.ttf in Resources */ = {isa = PBXBuildFile; fileRef = 14054AC72899E7AD00BB4E3B /* Ubuntu-Light.ttf */; };
		14054ACA2899E7B600BB4E3B /* Ubuntu-Medium.ttf in Resources */ = {isa = PBXBuildFile; fileRef = 14054AC92899E7B600BB4E3B /* Ubuntu-Medium.ttf */; };
		14054ACC2899E7BD00BB4E3B /* Ubuntu-Regular.ttf in Resources */ = {isa = PBXBuildFile; fileRef = 14054ACB2899E7BD00BB4E3B /* Ubuntu-Regular.ttf */; };
		140DA88728A3ECF000413161 /* BravveClosedTabBar.swift in Sources */ = {isa = PBXBuildFile; fileRef = 140DA88628A3ECF000413161 /* BravveClosedTabBar.swift */; };
		1410B92328A1440400C36902 /* CheckOutScreen.swift in Sources */ = {isa = PBXBuildFile; fileRef = 1410B92228A1440400C36902 /* CheckOutScreen.swift */; };
		1410B92528A1740400C36902 /* FilterScreen.swift in Sources */ = {isa = PBXBuildFile; fileRef = 1410B92428A1740400C36902 /* FilterScreen.swift */; };
		1411D90028A47303003AAB70 /* Reservations3-3ViewController.swift in Sources */ = {isa = PBXBuildFile; fileRef = 1411D8FF28A47303003AAB70 /* Reservations3-3ViewController.swift */; };
		1411D90228A4730D003AAB70 /* Reservations3-3ViewModel.swift in Sources */ = {isa = PBXBuildFile; fileRef = 1411D90128A4730D003AAB70 /* Reservations3-3ViewModel.swift */; };
		1415AB76288B07100077CE08 /* HomeOpenView.swift in Sources */ = {isa = PBXBuildFile; fileRef = 1415AB75288B07100077CE08 /* HomeOpenView.swift */; };
		143C266E28A93C9100917E0C /* UIScrollView+Extension.swift in Sources */ = {isa = PBXBuildFile; fileRef = 143C266D28A93C9100917E0C /* UIScrollView+Extension.swift */; };
		143E967F28A2C0DC00532A1F /* EndPointsEnum.swift in Sources */ = {isa = PBXBuildFile; fileRef = 143E967E28A2C0DC00532A1F /* EndPointsEnum.swift */; };
		143E968328A2DC8500532A1F /* BarWithFilterStruct.swift in Sources */ = {isa = PBXBuildFile; fileRef = 143E968228A2DC8500532A1F /* BarWithFilterStruct.swift */; };
		1440616828A2BD5F00F82171 /* RideUpEnum.swift in Sources */ = {isa = PBXBuildFile; fileRef = 1440616728A2BD5F00F82171 /* RideUpEnum.swift */; };
		1440616A28A2BD6700F82171 /* ButtonsBravveEnum.swift in Sources */ = {isa = PBXBuildFile; fileRef = 1440616928A2BD6700F82171 /* ButtonsBravveEnum.swift */; };
		1440616C28A2BD6E00F82171 /* ColorsBravveEnum.swift in Sources */ = {isa = PBXBuildFile; fileRef = 1440616B28A2BD6E00F82171 /* ColorsBravveEnum.swift */; };
		1440616E28A2BD7900F82171 /* ImagesBravveEnum.swift in Sources */ = {isa = PBXBuildFile; fileRef = 1440616D28A2BD7900F82171 /* ImagesBravveEnum.swift */; };
		14421BF828A12E4000EA46FE /* FinalizacaoCadastroView.swift in Sources */ = {isa = PBXBuildFile; fileRef = 14421BF728A12E4000EA46FE /* FinalizacaoCadastroView.swift */; };
		145663C6288D73B900852049 /* HomeOpenTableViewCell.swift in Sources */ = {isa = PBXBuildFile; fileRef = 145663C5288D73B900852049 /* HomeOpenTableViewCell.swift */; };
		145663C8288D73C500852049 /* OpenDetailsCollectionViewCell.swift in Sources */ = {isa = PBXBuildFile; fileRef = 145663C7288D73C500852049 /* OpenDetailsCollectionViewCell.swift */; };
		145B07DF28AABE6900ABCCF0 /* PhoneView.swift in Sources */ = {isa = PBXBuildFile; fileRef = 145B07DE28AABE6900ABCCF0 /* PhoneView.swift */; };
		145B07E128AABEAD00ABCCF0 /* EmailView.swift in Sources */ = {isa = PBXBuildFile; fileRef = 145B07E028AABEAD00ABCCF0 /* EmailView.swift */; };
		145B07E328AABECA00ABCCF0 /* PhoneViewModel.swift in Sources */ = {isa = PBXBuildFile; fileRef = 145B07E228AABECA00ABCCF0 /* PhoneViewModel.swift */; };
		145B07E528AABED600ABCCF0 /* EmailViewModel.swift in Sources */ = {isa = PBXBuildFile; fileRef = 145B07E428AABED600ABCCF0 /* EmailViewModel.swift */; };
		146A8BE428AAAAC9007650A8 /* CustomViewCalendar.swift in Sources */ = {isa = PBXBuildFile; fileRef = 146A8BE328AAAAC9007650A8 /* CustomViewCalendar.swift */; };
		146A8BE628AAAB2F007650A8 /* MonthView.swift in Sources */ = {isa = PBXBuildFile; fileRef = 146A8BE528AAAB2F007650A8 /* MonthView.swift */; };
		146A8BE928AAAB55007650A8 /* WeekDaysView.swift in Sources */ = {isa = PBXBuildFile; fileRef = 146A8BE828AAAB55007650A8 /* WeekDaysView.swift */; };
		146A8BEB28AAAB86007650A8 /* ThemeEnum.swift in Sources */ = {isa = PBXBuildFile; fileRef = 146A8BEA28AAAB86007650A8 /* ThemeEnum.swift */; };
		1478A21B28995E1000B409E5 /* FontsBravveEnum.swift in Sources */ = {isa = PBXBuildFile; fileRef = 1478A21A28995E1000B409E5 /* FontsBravveEnum.swift */; };
		1478A22128995EBA00B409E5 /* IconsBravveEnum.swift in Sources */ = {isa = PBXBuildFile; fileRef = 1478A22028995EBA00B409E5 /* IconsBravveEnum.swift */; };
		147AC2EE2891AB9B00ABE48E /* OpenDetailsView.swift in Sources */ = {isa = PBXBuildFile; fileRef = 147AC2ED2891AB9B00ABE48E /* OpenDetailsView.swift */; };
		147B1C862898482100A5E3EE /* Assets.xcassets in Resources */ = {isa = PBXBuildFile; fileRef = 147B1C852898482100A5E3EE /* Assets.xcassets */; };
		147BA88428A81ECF006924C8 /* OrientationEnum.swift in Sources */ = {isa = PBXBuildFile; fileRef = 147BA88328A81ECF006924C8 /* OrientationEnum.swift */; };
		1480986D289EA79D00B1BDE2 /* HomeOpenModel.swift in Sources */ = {isa = PBXBuildFile; fileRef = 1480986C289EA79D00B1BDE2 /* HomeOpenModel.swift */; };
		1480986F289EC3D000B1BDE2 /* ProfessionView.swift in Sources */ = {isa = PBXBuildFile; fileRef = 1480986E289EC3D000B1BDE2 /* ProfessionView.swift */; };
		14809871289EC3DC00B1BDE2 /* ProfessionViewModel.swift in Sources */ = {isa = PBXBuildFile; fileRef = 14809870289EC3DC00B1BDE2 /* ProfessionViewModel.swift */; };
		148A86EB289C64540019ECFE /* BravveTabBar.swift in Sources */ = {isa = PBXBuildFile; fileRef = 148A86EA289C64540019ECFE /* BravveTabBar.swift */; };
		14937D6A28A47033004A1E7A /* HelpView.swift in Sources */ = {isa = PBXBuildFile; fileRef = 14937D6928A47033004A1E7A /* HelpView.swift */; };
		14937D6C28A4703F004A1E7A /* HelpViewModel.swift in Sources */ = {isa = PBXBuildFile; fileRef = 14937D6B28A4703F004A1E7A /* HelpViewModel.swift */; };
		14A375C528A302A100B48F9D /* PasswordView.swift in Sources */ = {isa = PBXBuildFile; fileRef = 14A375C428A302A100B48F9D /* PasswordView.swift */; };
		14AA1CF12897FCC2008CCC31 /* CGFloatExtension.swift in Sources */ = {isa = PBXBuildFile; fileRef = 14AA1CF02897FCC2008CCC31 /* CGFloatExtension.swift */; };
		14C6954028944A1F00BD3B79 /* UIButtonExtension.swift in Sources */ = {isa = PBXBuildFile; fileRef = 14C6953F28944A1F00BD3B79 /* UIButtonExtension.swift */; };
		14C6954228944A2800BD3B79 /* UIImageViewExtension.swift in Sources */ = {isa = PBXBuildFile; fileRef = 14C6954128944A2800BD3B79 /* UIImageViewExtension.swift */; };
		14C6954428944A2E00BD3B79 /* UILabelExtension.swift in Sources */ = {isa = PBXBuildFile; fileRef = 14C6954328944A2E00BD3B79 /* UILabelExtension.swift */; };
		14C6954628944A3400BD3B79 /* UIStackViewExtension.swift in Sources */ = {isa = PBXBuildFile; fileRef = 14C6954528944A3400BD3B79 /* UIStackViewExtension.swift */; };
		14C6954828944A3600BD3B79 /* UIViewExtension.swift in Sources */ = {isa = PBXBuildFile; fileRef = 14C6954728944A3600BD3B79 /* UIViewExtension.swift */; };
		14C6954A28944A3900BD3B79 /* UIViewControllerExtension.swift in Sources */ = {isa = PBXBuildFile; fileRef = 14C6954928944A3900BD3B79 /* UIViewControllerExtension.swift */; };
		14C8B70E289DC2C600ABC321 /* LoginView.swift in Sources */ = {isa = PBXBuildFile; fileRef = 14C8B70D289DC2C600ABC321 /* LoginView.swift */; };
		14CBDBC62889B72300EA8EDD /* AppDelegate.swift in Sources */ = {isa = PBXBuildFile; fileRef = 14CBDBC52889B72300EA8EDD /* AppDelegate.swift */; };
		14CBDBC82889B72300EA8EDD /* SceneDelegate.swift in Sources */ = {isa = PBXBuildFile; fileRef = 14CBDBC72889B72300EA8EDD /* SceneDelegate.swift */; };
		14CBDBD22889B72500EA8EDD /* LaunchScreen.storyboard in Resources */ = {isa = PBXBuildFile; fileRef = 14CBDBD02889B72500EA8EDD /* LaunchScreen.storyboard */; };
		14CBDBDC2889B7ED00EA8EDD /* FotoView.swift in Sources */ = {isa = PBXBuildFile; fileRef = 14CBDBDB2889B7ED00EA8EDD /* FotoView.swift */; };
		14CBDBDE2889B80400EA8EDD /* NomeView.swift in Sources */ = {isa = PBXBuildFile; fileRef = 14CBDBDD2889B80400EA8EDD /* NomeView.swift */; };
		14CBDBE02889B81A00EA8EDD /* StageEnum.swift in Sources */ = {isa = PBXBuildFile; fileRef = 14CBDBDF2889B81A00EA8EDD /* StageEnum.swift */; };
		14CBDBE22889B83900EA8EDD /* NomeViewModel.swift in Sources */ = {isa = PBXBuildFile; fileRef = 14CBDBE12889B83900EA8EDD /* NomeViewModel.swift */; };
		14DADD30289037A1001A55F3 /* PasswordRecoveryEmailView.swift in Sources */ = {isa = PBXBuildFile; fileRef = 14DADD2F289037A1001A55F3 /* PasswordRecoveryEmailView.swift */; };
		14F55C3A2889FE19003A8A34 /* TesteView.xib in Resources */ = {isa = PBXBuildFile; fileRef = 14F55C392889FE19003A8A34 /* TesteView.xib */; };
		284DF2EB289D43860047F545 /* CheckInQrCodeViewController.swift in Sources */ = {isa = PBXBuildFile; fileRef = 284DF2EA289D43860047F545 /* CheckInQrCodeViewController.swift */; };
		306F6E9A28A29D640057D49C /* FAQTableViewCell.swift in Sources */ = {isa = PBXBuildFile; fileRef = 306F6E9628A29D630057D49C /* FAQTableViewCell.swift */; };
		306F6E9B28A29D640057D49C /* FAQViewModel.swift in Sources */ = {isa = PBXBuildFile; fileRef = 306F6E9728A29D630057D49C /* FAQViewModel.swift */; };
		306F6E9C28A29D640057D49C /* FAQViewTableViewCell.swift in Sources */ = {isa = PBXBuildFile; fileRef = 306F6E9828A29D640057D49C /* FAQViewTableViewCell.swift */; };
		306F6E9D28A29D640057D49C /* FrequentlyAskedQuestionsView.swift in Sources */ = {isa = PBXBuildFile; fileRef = 306F6E9928A29D640057D49C /* FrequentlyAskedQuestionsView.swift */; };
		C616D874289C3DFB0045AEED /* RegisterPassword.swift in Sources */ = {isa = PBXBuildFile; fileRef = C616D873289C3DFB0045AEED /* RegisterPassword.swift */; };
		C616D878289C40C40045AEED /* ProfileScreen.swift in Sources */ = {isa = PBXBuildFile; fileRef = C616D877289C40C40045AEED /* ProfileScreen.swift */; };
		CF4A2AC628A19AE6001D9588 /* PasswordRecovery_sms.swift in Sources */ = {isa = PBXBuildFile; fileRef = CF4A2AC528A19AE6001D9588 /* PasswordRecovery_sms.swift */; };
		CFBF085C28A2810600D39DCF /* ModelCorporatesV1.swift in Sources */ = {isa = PBXBuildFile; fileRef = CFBF085628A2810600D39DCF /* ModelCorporatesV1.swift */; };
		CFBF085D28A2810600D39DCF /* ModelSubscriptionsV1.swift in Sources */ = {isa = PBXBuildFile; fileRef = CFBF085728A2810600D39DCF /* ModelSubscriptionsV1.swift */; };
		CFBF085E28A2810600D39DCF /* ModelUtilsV1.swift in Sources */ = {isa = PBXBuildFile; fileRef = CFBF085828A2810600D39DCF /* ModelUtilsV1.swift */; };
		CFBF085F28A2810600D39DCF /* ModelPartnersV1.swift in Sources */ = {isa = PBXBuildFile; fileRef = CFBF085928A2810600D39DCF /* ModelPartnersV1.swift */; };
		CFBF086028A2810600D39DCF /* ModelReservationsV1.swift in Sources */ = {isa = PBXBuildFile; fileRef = CFBF085A28A2810600D39DCF /* ModelReservationsV1.swift */; };
		CFBF086128A2810600D39DCF /* ModelUsersV1.swift in Sources */ = {isa = PBXBuildFile; fileRef = CFBF085B28A2810600D39DCF /* ModelUsersV1.swift */; };
		CFBF087428A2ACFC00D39DCF /* ActivitiesView.swift in Sources */ = {isa = PBXBuildFile; fileRef = CFBF087228A2ACFC00D39DCF /* ActivitiesView.swift */; };
		CFBF087528A2ACFC00D39DCF /* HobbiesView.swift in Sources */ = {isa = PBXBuildFile; fileRef = CFBF087328A2ACFC00D39DCF /* HobbiesView.swift */; };
		CFFE8037288B051C00CA51BC /* ConfirmationCodeView.swift in Sources */ = {isa = PBXBuildFile; fileRef = CFFE8036288B051C00CA51BC /* ConfirmationCodeView.swift */; };
/* End PBXBuildFile section */

/* Begin PBXFileReference section */
		0E4F4ECF289BFAA90067592A /* TermsAndCondition.swift */ = {isa = PBXFileReference; lastKnownFileType = sourcecode.swift; path = TermsAndCondition.swift; sourceTree = "<group>"; };
		0ECFDE90289AD7E5005A009C /* AdviceCheckoutView.swift */ = {isa = PBXFileReference; lastKnownFileType = sourcecode.swift; path = AdviceCheckoutView.swift; sourceTree = "<group>"; };
		13080CB328A17EC000A064B0 /* Network.swift */ = {isa = PBXFileReference; lastKnownFileType = sourcecode.swift; path = Network.swift; sourceTree = "<group>"; };
		13080CB828A17F2A00A064B0 /* AccessTokenModel.swift */ = {isa = PBXFileReference; lastKnownFileType = sourcecode.swift; path = AccessTokenModel.swift; sourceTree = "<group>"; };
		13080CBA28A17F6B00A064B0 /* StatesModel.swift */ = {isa = PBXFileReference; lastKnownFileType = sourcecode.swift; path = StatesModel.swift; sourceTree = "<group>"; };
		13080CBD28A1893200A064B0 /* ModelSitesV1.swift */ = {isa = PBXFileReference; lastKnownFileType = sourcecode.swift; path = ModelSitesV1.swift; sourceTree = "<group>"; };
		13080CBF28A18C4700A064B0 /* ModelSpacesV1.swift */ = {isa = PBXFileReference; lastKnownFileType = sourcecode.swift; path = ModelSpacesV1.swift; sourceTree = "<group>"; };
		1340F094289BF2D200F9A2A5 /* RecuperacaoDeSenha3ViewModel.swift */ = {isa = PBXFileReference; lastKnownFileType = sourcecode.swift; path = RecuperacaoDeSenha3ViewModel.swift; sourceTree = "<group>"; };
		1340F096289BFF3F00F9A2A5 /* Reservas2.swift */ = {isa = PBXFileReference; lastKnownFileType = sourcecode.swift; path = Reservas2.swift; sourceTree = "<group>"; };
		134D68102890151C00D5572B /* BulletPoint.swift */ = {isa = PBXFileReference; lastKnownFileType = sourcecode.swift; path = BulletPoint.swift; sourceTree = "<group>"; };
		134D68122890154E00D5572B /* TextField.swift */ = {isa = PBXFileReference; lastKnownFileType = sourcecode.swift; path = TextField.swift; sourceTree = "<group>"; };
		134D68142890158A00D5572B /* RecuperacaoDeSenha3.swift */ = {isa = PBXFileReference; lastKnownFileType = sourcecode.swift; path = RecuperacaoDeSenha3.swift; sourceTree = "<group>"; };
		138C85AD2892BE2800997FBC /* MinhasReservas.swift */ = {isa = PBXFileReference; lastKnownFileType = sourcecode.swift; path = MinhasReservas.swift; sourceTree = "<group>"; };
		138C85AF2892BF4200997FBC /* ReservaCell.swift */ = {isa = PBXFileReference; lastKnownFileType = sourcecode.swift; path = ReservaCell.swift; sourceTree = "<group>"; };
		13F1768528941C6200C5FD05 /* ConfirmDataView.swift */ = {isa = PBXFileReference; lastKnownFileType = sourcecode.swift; path = ConfirmDataView.swift; sourceTree = "<group>"; };
		14054AC32899E79900BB4E3B /* KoHo-Bold.ttf */ = {isa = PBXFileReference; lastKnownFileType = file; path = "KoHo-Bold.ttf"; sourceTree = "<group>"; };
		14054AC52899E7A500BB4E3B /* Ubuntu-Bold.ttf */ = {isa = PBXFileReference; lastKnownFileType = file; path = "Ubuntu-Bold.ttf"; sourceTree = "<group>"; };
		14054AC72899E7AD00BB4E3B /* Ubuntu-Light.ttf */ = {isa = PBXFileReference; lastKnownFileType = file; path = "Ubuntu-Light.ttf"; sourceTree = "<group>"; };
		14054AC92899E7B600BB4E3B /* Ubuntu-Medium.ttf */ = {isa = PBXFileReference; lastKnownFileType = file; path = "Ubuntu-Medium.ttf"; sourceTree = "<group>"; };
		14054ACB2899E7BD00BB4E3B /* Ubuntu-Regular.ttf */ = {isa = PBXFileReference; lastKnownFileType = file; path = "Ubuntu-Regular.ttf"; sourceTree = "<group>"; };
		140DA88628A3ECF000413161 /* BravveClosedTabBar.swift */ = {isa = PBXFileReference; lastKnownFileType = sourcecode.swift; path = BravveClosedTabBar.swift; sourceTree = "<group>"; };
		1410B92228A1440400C36902 /* CheckOutScreen.swift */ = {isa = PBXFileReference; fileEncoding = 4; lastKnownFileType = sourcecode.swift; path = CheckOutScreen.swift; sourceTree = "<group>"; };
		1410B92428A1740400C36902 /* FilterScreen.swift */ = {isa = PBXFileReference; lastKnownFileType = sourcecode.swift; path = FilterScreen.swift; sourceTree = "<group>"; };
		1411D8FF28A47303003AAB70 /* Reservations3-3ViewController.swift */ = {isa = PBXFileReference; fileEncoding = 4; lastKnownFileType = sourcecode.swift; path = "Reservations3-3ViewController.swift"; sourceTree = "<group>"; };
		1411D90128A4730D003AAB70 /* Reservations3-3ViewModel.swift */ = {isa = PBXFileReference; fileEncoding = 4; lastKnownFileType = sourcecode.swift; path = "Reservations3-3ViewModel.swift"; sourceTree = "<group>"; };
		1415AB75288B07100077CE08 /* HomeOpenView.swift */ = {isa = PBXFileReference; lastKnownFileType = sourcecode.swift; path = HomeOpenView.swift; sourceTree = "<group>"; };
		143C266D28A93C9100917E0C /* UIScrollView+Extension.swift */ = {isa = PBXFileReference; lastKnownFileType = sourcecode.swift; path = "UIScrollView+Extension.swift"; sourceTree = "<group>"; };
		143E967E28A2C0DC00532A1F /* EndPointsEnum.swift */ = {isa = PBXFileReference; lastKnownFileType = sourcecode.swift; path = EndPointsEnum.swift; sourceTree = "<group>"; };
		143E968228A2DC8500532A1F /* BarWithFilterStruct.swift */ = {isa = PBXFileReference; lastKnownFileType = sourcecode.swift; path = BarWithFilterStruct.swift; sourceTree = "<group>"; };
		1440616728A2BD5F00F82171 /* RideUpEnum.swift */ = {isa = PBXFileReference; fileEncoding = 4; lastKnownFileType = sourcecode.swift; name = RideUpEnum.swift; path = Teste/RideUpEnum.swift; sourceTree = SOURCE_ROOT; };
		1440616928A2BD6700F82171 /* ButtonsBravveEnum.swift */ = {isa = PBXFileReference; fileEncoding = 4; lastKnownFileType = sourcecode.swift; name = ButtonsBravveEnum.swift; path = Teste/ButtonsBravveEnum.swift; sourceTree = SOURCE_ROOT; };
		1440616B28A2BD6E00F82171 /* ColorsBravveEnum.swift */ = {isa = PBXFileReference; fileEncoding = 4; lastKnownFileType = sourcecode.swift; name = ColorsBravveEnum.swift; path = Teste/ColorsBravveEnum.swift; sourceTree = SOURCE_ROOT; };
		1440616D28A2BD7900F82171 /* ImagesBravveEnum.swift */ = {isa = PBXFileReference; fileEncoding = 4; lastKnownFileType = sourcecode.swift; name = ImagesBravveEnum.swift; path = Teste/ImagesBravveEnum.swift; sourceTree = SOURCE_ROOT; };
		14421BF728A12E4000EA46FE /* FinalizacaoCadastroView.swift */ = {isa = PBXFileReference; fileEncoding = 4; lastKnownFileType = sourcecode.swift; path = FinalizacaoCadastroView.swift; sourceTree = "<group>"; };
		145663C5288D73B900852049 /* HomeOpenTableViewCell.swift */ = {isa = PBXFileReference; lastKnownFileType = sourcecode.swift; path = HomeOpenTableViewCell.swift; sourceTree = "<group>"; };
		145663C7288D73C500852049 /* OpenDetailsCollectionViewCell.swift */ = {isa = PBXFileReference; lastKnownFileType = sourcecode.swift; path = OpenDetailsCollectionViewCell.swift; sourceTree = "<group>"; };
		145B07DE28AABE6900ABCCF0 /* PhoneView.swift */ = {isa = PBXFileReference; lastKnownFileType = sourcecode.swift; path = PhoneView.swift; sourceTree = "<group>"; };
		145B07E028AABEAD00ABCCF0 /* EmailView.swift */ = {isa = PBXFileReference; lastKnownFileType = sourcecode.swift; path = EmailView.swift; sourceTree = "<group>"; };
		145B07E228AABECA00ABCCF0 /* PhoneViewModel.swift */ = {isa = PBXFileReference; lastKnownFileType = sourcecode.swift; path = PhoneViewModel.swift; sourceTree = "<group>"; };
		145B07E428AABED600ABCCF0 /* EmailViewModel.swift */ = {isa = PBXFileReference; lastKnownFileType = sourcecode.swift; path = EmailViewModel.swift; sourceTree = "<group>"; };
		146A8BE328AAAAC9007650A8 /* CustomViewCalendar.swift */ = {isa = PBXFileReference; lastKnownFileType = sourcecode.swift; path = CustomViewCalendar.swift; sourceTree = "<group>"; };
		146A8BE528AAAB2F007650A8 /* MonthView.swift */ = {isa = PBXFileReference; lastKnownFileType = sourcecode.swift; path = MonthView.swift; sourceTree = "<group>"; };
		146A8BE828AAAB55007650A8 /* WeekDaysView.swift */ = {isa = PBXFileReference; lastKnownFileType = sourcecode.swift; path = WeekDaysView.swift; sourceTree = "<group>"; };
		146A8BEA28AAAB86007650A8 /* ThemeEnum.swift */ = {isa = PBXFileReference; lastKnownFileType = sourcecode.swift; path = ThemeEnum.swift; sourceTree = "<group>"; };
		1478A21A28995E1000B409E5 /* FontsBravveEnum.swift */ = {isa = PBXFileReference; lastKnownFileType = sourcecode.swift; path = FontsBravveEnum.swift; sourceTree = "<group>"; };
		1478A22028995EBA00B409E5 /* IconsBravveEnum.swift */ = {isa = PBXFileReference; lastKnownFileType = sourcecode.swift; path = IconsBravveEnum.swift; sourceTree = "<group>"; };
		147AC2ED2891AB9B00ABE48E /* OpenDetailsView.swift */ = {isa = PBXFileReference; lastKnownFileType = sourcecode.swift; path = OpenDetailsView.swift; sourceTree = "<group>"; };
		147B1C852898482100A5E3EE /* Assets.xcassets */ = {isa = PBXFileReference; lastKnownFileType = folder.assetcatalog; path = Assets.xcassets; sourceTree = "<group>"; };
		147BA88328A81ECF006924C8 /* OrientationEnum.swift */ = {isa = PBXFileReference; lastKnownFileType = sourcecode.swift; path = OrientationEnum.swift; sourceTree = "<group>"; };
		1480986C289EA79D00B1BDE2 /* HomeOpenModel.swift */ = {isa = PBXFileReference; lastKnownFileType = sourcecode.swift; path = HomeOpenModel.swift; sourceTree = "<group>"; };
		1480986E289EC3D000B1BDE2 /* ProfessionView.swift */ = {isa = PBXFileReference; fileEncoding = 4; lastKnownFileType = sourcecode.swift; path = ProfessionView.swift; sourceTree = "<group>"; };
		14809870289EC3DC00B1BDE2 /* ProfessionViewModel.swift */ = {isa = PBXFileReference; fileEncoding = 4; lastKnownFileType = sourcecode.swift; path = ProfessionViewModel.swift; sourceTree = "<group>"; };
		148A86EA289C64540019ECFE /* BravveTabBar.swift */ = {isa = PBXFileReference; lastKnownFileType = sourcecode.swift; path = BravveTabBar.swift; sourceTree = "<group>"; };
		14937D6928A47033004A1E7A /* HelpView.swift */ = {isa = PBXFileReference; fileEncoding = 4; lastKnownFileType = sourcecode.swift; path = HelpView.swift; sourceTree = "<group>"; };
		14937D6B28A4703F004A1E7A /* HelpViewModel.swift */ = {isa = PBXFileReference; fileEncoding = 4; lastKnownFileType = sourcecode.swift; path = HelpViewModel.swift; sourceTree = "<group>"; };
		14A375C428A302A100B48F9D /* PasswordView.swift */ = {isa = PBXFileReference; fileEncoding = 4; lastKnownFileType = sourcecode.swift; path = PasswordView.swift; sourceTree = "<group>"; };
		14AA1CF02897FCC2008CCC31 /* CGFloatExtension.swift */ = {isa = PBXFileReference; lastKnownFileType = sourcecode.swift; path = CGFloatExtension.swift; sourceTree = "<group>"; };
		14C6953F28944A1F00BD3B79 /* UIButtonExtension.swift */ = {isa = PBXFileReference; lastKnownFileType = sourcecode.swift; path = UIButtonExtension.swift; sourceTree = "<group>"; };
		14C6954128944A2800BD3B79 /* UIImageViewExtension.swift */ = {isa = PBXFileReference; lastKnownFileType = sourcecode.swift; path = UIImageViewExtension.swift; sourceTree = "<group>"; };
		14C6954328944A2E00BD3B79 /* UILabelExtension.swift */ = {isa = PBXFileReference; lastKnownFileType = sourcecode.swift; path = UILabelExtension.swift; sourceTree = "<group>"; };
		14C6954528944A3400BD3B79 /* UIStackViewExtension.swift */ = {isa = PBXFileReference; lastKnownFileType = sourcecode.swift; path = UIStackViewExtension.swift; sourceTree = "<group>"; };
		14C6954728944A3600BD3B79 /* UIViewExtension.swift */ = {isa = PBXFileReference; lastKnownFileType = sourcecode.swift; path = UIViewExtension.swift; sourceTree = "<group>"; };
		14C6954928944A3900BD3B79 /* UIViewControllerExtension.swift */ = {isa = PBXFileReference; lastKnownFileType = sourcecode.swift; path = UIViewControllerExtension.swift; sourceTree = "<group>"; };
		14C8B70D289DC2C600ABC321 /* LoginView.swift */ = {isa = PBXFileReference; lastKnownFileType = sourcecode.swift; path = LoginView.swift; sourceTree = "<group>"; };
		14CBDBC22889B72300EA8EDD /* Teste.app */ = {isa = PBXFileReference; explicitFileType = wrapper.application; includeInIndex = 0; path = Teste.app; sourceTree = BUILT_PRODUCTS_DIR; };
		14CBDBC52889B72300EA8EDD /* AppDelegate.swift */ = {isa = PBXFileReference; lastKnownFileType = sourcecode.swift; path = AppDelegate.swift; sourceTree = "<group>"; };
		14CBDBC72889B72300EA8EDD /* SceneDelegate.swift */ = {isa = PBXFileReference; lastKnownFileType = sourcecode.swift; path = SceneDelegate.swift; sourceTree = "<group>"; };
		14CBDBD12889B72500EA8EDD /* Base */ = {isa = PBXFileReference; lastKnownFileType = file.storyboard; name = Base; path = Base.lproj/LaunchScreen.storyboard; sourceTree = "<group>"; };
		14CBDBD32889B72500EA8EDD /* Info.plist */ = {isa = PBXFileReference; lastKnownFileType = text.plist.xml; path = Info.plist; sourceTree = "<group>"; };
		14CBDBDB2889B7ED00EA8EDD /* FotoView.swift */ = {isa = PBXFileReference; fileEncoding = 4; lastKnownFileType = sourcecode.swift; path = FotoView.swift; sourceTree = "<group>"; };
		14CBDBDD2889B80400EA8EDD /* NomeView.swift */ = {isa = PBXFileReference; fileEncoding = 4; lastKnownFileType = sourcecode.swift; path = NomeView.swift; sourceTree = "<group>"; };
		14CBDBDF2889B81A00EA8EDD /* StageEnum.swift */ = {isa = PBXFileReference; fileEncoding = 4; lastKnownFileType = sourcecode.swift; path = StageEnum.swift; sourceTree = "<group>"; };
		14CBDBE12889B83900EA8EDD /* NomeViewModel.swift */ = {isa = PBXFileReference; fileEncoding = 4; lastKnownFileType = sourcecode.swift; path = NomeViewModel.swift; sourceTree = "<group>"; };
		14DADD2F289037A1001A55F3 /* PasswordRecoveryEmailView.swift */ = {isa = PBXFileReference; fileEncoding = 4; lastKnownFileType = sourcecode.swift; path = PasswordRecoveryEmailView.swift; sourceTree = "<group>"; };
		14F55C392889FE19003A8A34 /* TesteView.xib */ = {isa = PBXFileReference; lastKnownFileType = file.xib; path = TesteView.xib; sourceTree = "<group>"; };
		284DF2EA289D43860047F545 /* CheckInQrCodeViewController.swift */ = {isa = PBXFileReference; lastKnownFileType = sourcecode.swift; path = CheckInQrCodeViewController.swift; sourceTree = "<group>"; };
		306F6E9628A29D630057D49C /* FAQTableViewCell.swift */ = {isa = PBXFileReference; fileEncoding = 4; lastKnownFileType = sourcecode.swift; path = FAQTableViewCell.swift; sourceTree = "<group>"; };
		306F6E9728A29D630057D49C /* FAQViewModel.swift */ = {isa = PBXFileReference; fileEncoding = 4; lastKnownFileType = sourcecode.swift; path = FAQViewModel.swift; sourceTree = "<group>"; };
		306F6E9828A29D640057D49C /* FAQViewTableViewCell.swift */ = {isa = PBXFileReference; fileEncoding = 4; lastKnownFileType = sourcecode.swift; path = FAQViewTableViewCell.swift; sourceTree = "<group>"; };
		306F6E9928A29D640057D49C /* FrequentlyAskedQuestionsView.swift */ = {isa = PBXFileReference; fileEncoding = 4; lastKnownFileType = sourcecode.swift; path = FrequentlyAskedQuestionsView.swift; sourceTree = "<group>"; };
		C616D873289C3DFB0045AEED /* RegisterPassword.swift */ = {isa = PBXFileReference; lastKnownFileType = sourcecode.swift; path = RegisterPassword.swift; sourceTree = "<group>"; };
		C616D877289C40C40045AEED /* ProfileScreen.swift */ = {isa = PBXFileReference; lastKnownFileType = sourcecode.swift; path = ProfileScreen.swift; sourceTree = "<group>"; };
		CF4A2AC528A19AE6001D9588 /* PasswordRecovery_sms.swift */ = {isa = PBXFileReference; lastKnownFileType = sourcecode.swift; path = PasswordRecovery_sms.swift; sourceTree = "<group>"; };
		CFBF085628A2810600D39DCF /* ModelCorporatesV1.swift */ = {isa = PBXFileReference; fileEncoding = 4; lastKnownFileType = sourcecode.swift; path = ModelCorporatesV1.swift; sourceTree = "<group>"; };
		CFBF085728A2810600D39DCF /* ModelSubscriptionsV1.swift */ = {isa = PBXFileReference; fileEncoding = 4; lastKnownFileType = sourcecode.swift; path = ModelSubscriptionsV1.swift; sourceTree = "<group>"; };
		CFBF085828A2810600D39DCF /* ModelUtilsV1.swift */ = {isa = PBXFileReference; fileEncoding = 4; lastKnownFileType = sourcecode.swift; path = ModelUtilsV1.swift; sourceTree = "<group>"; };
		CFBF085928A2810600D39DCF /* ModelPartnersV1.swift */ = {isa = PBXFileReference; fileEncoding = 4; lastKnownFileType = sourcecode.swift; path = ModelPartnersV1.swift; sourceTree = "<group>"; };
		CFBF085A28A2810600D39DCF /* ModelReservationsV1.swift */ = {isa = PBXFileReference; fileEncoding = 4; lastKnownFileType = sourcecode.swift; path = ModelReservationsV1.swift; sourceTree = "<group>"; };
		CFBF085B28A2810600D39DCF /* ModelUsersV1.swift */ = {isa = PBXFileReference; fileEncoding = 4; lastKnownFileType = sourcecode.swift; path = ModelUsersV1.swift; sourceTree = "<group>"; };
		CFBF087228A2ACFC00D39DCF /* ActivitiesView.swift */ = {isa = PBXFileReference; fileEncoding = 4; lastKnownFileType = sourcecode.swift; path = ActivitiesView.swift; sourceTree = "<group>"; };
		CFBF087328A2ACFC00D39DCF /* HobbiesView.swift */ = {isa = PBXFileReference; fileEncoding = 4; lastKnownFileType = sourcecode.swift; path = HobbiesView.swift; sourceTree = "<group>"; };
		CFFE8036288B051C00CA51BC /* ConfirmationCodeView.swift */ = {isa = PBXFileReference; fileEncoding = 4; lastKnownFileType = sourcecode.swift; path = ConfirmationCodeView.swift; sourceTree = "<group>"; };
/* End PBXFileReference section */

/* Begin PBXFrameworksBuildPhase section */
		14CBDBBF2889B72300EA8EDD /* Frameworks */ = {
			isa = PBXFrameworksBuildPhase;
			buildActionMask = 2147483647;
			files = (
				13080CB728A17F0000A064B0 /* Alamofire in Frameworks */,
			);
			runOnlyForDeploymentPostprocessing = 0;
		};
/* End PBXFrameworksBuildPhase section */

/* Begin PBXGroup section */
		13080CBC28A1890000A064B0 /* Service */ = {
			isa = PBXGroup;
			children = (
				CFBF085828A2810600D39DCF /* ModelUtilsV1.swift */,
				CFBF085B28A2810600D39DCF /* ModelUsersV1.swift */,
				CFBF085928A2810600D39DCF /* ModelPartnersV1.swift */,
				13080CBD28A1893200A064B0 /* ModelSitesV1.swift */,
				13080CBF28A18C4700A064B0 /* ModelSpacesV1.swift */,
				CFBF085A28A2810600D39DCF /* ModelReservationsV1.swift */,
				CFBF085628A2810600D39DCF /* ModelCorporatesV1.swift */,
				CFBF085728A2810600D39DCF /* ModelSubscriptionsV1.swift */,
			);
			path = Service;
			sourceTree = "<group>";
		};
		14054ACD2899E7DE00BB4E3B /* Fonts */ = {
			isa = PBXGroup;
			children = (
				14054ACB2899E7BD00BB4E3B /* Ubuntu-Regular.ttf */,
				14054AC92899E7B600BB4E3B /* Ubuntu-Medium.ttf */,
				14054AC72899E7AD00BB4E3B /* Ubuntu-Light.ttf */,
				14054AC52899E7A500BB4E3B /* Ubuntu-Bold.ttf */,
				14054AC32899E79900BB4E3B /* KoHo-Bold.ttf */,
			);
			path = Fonts;
			sourceTree = "<group>";
		};
		1440616528A2BCA500F82171 /* Extensions */ = {
			isa = PBXGroup;
			children = (
				14AA1CF02897FCC2008CCC31 /* CGFloatExtension.swift */,
				143C266D28A93C9100917E0C /* UIScrollView+Extension.swift */,
				14C6953F28944A1F00BD3B79 /* UIButtonExtension.swift */,
				14C6954128944A2800BD3B79 /* UIImageViewExtension.swift */,
				14C6954328944A2E00BD3B79 /* UILabelExtension.swift */,
				14C6954528944A3400BD3B79 /* UIStackViewExtension.swift */,
				14C6954928944A3900BD3B79 /* UIViewControllerExtension.swift */,
				14C6954728944A3600BD3B79 /* UIViewExtension.swift */,
				148A86EA289C64540019ECFE /* BravveTabBar.swift */,
				140DA88628A3ECF000413161 /* BravveClosedTabBar.swift */,
				143E968228A2DC8500532A1F /* BarWithFilterStruct.swift */,
				146A8BE328AAAAC9007650A8 /* CustomViewCalendar.swift */,
				146A8BE528AAAB2F007650A8 /* MonthView.swift */,
				146A8BE828AAAB55007650A8 /* WeekDaysView.swift */,
			);
			path = Extensions;
			sourceTree = "<group>";
		};
		1440616628A2BCB700F82171 /* Enums */ = {
			isa = PBXGroup;
			children = (
				1440616928A2BD6700F82171 /* ButtonsBravveEnum.swift */,
				1440616B28A2BD6E00F82171 /* ColorsBravveEnum.swift */,
				1478A22028995EBA00B409E5 /* IconsBravveEnum.swift */,
				1440616D28A2BD7900F82171 /* ImagesBravveEnum.swift */,
				1478A21A28995E1000B409E5 /* FontsBravveEnum.swift */,
				1440616728A2BD5F00F82171 /* RideUpEnum.swift */,
				14CBDBDF2889B81A00EA8EDD /* StageEnum.swift */,
				143E967E28A2C0DC00532A1F /* EndPointsEnum.swift */,
				147BA88328A81ECF006924C8 /* OrientationEnum.swift */,
				146A8BEA28AAAB86007650A8 /* ThemeEnum.swift */,
			);
			path = Enums;
			sourceTree = "<group>";
		};
		14CBDBB92889B72300EA8EDD = {
			isa = PBXGroup;
			children = (
				14CBDBC42889B72300EA8EDD /* Teste */,
				14CBDBC32889B72300EA8EDD /* Products */,
			);
			sourceTree = "<group>";
		};
		14CBDBC32889B72300EA8EDD /* Products */ = {
			isa = PBXGroup;
			children = (
				14CBDBC22889B72300EA8EDD /* Teste.app */,
			);
			name = Products;
			sourceTree = "<group>";
		};
		14CBDBC42889B72300EA8EDD /* Teste */ = {
			isa = PBXGroup;
			children = (
				1440616628A2BCB700F82171 /* Enums */,
				1440616528A2BCA500F82171 /* Extensions */,
				13080CBC28A1890000A064B0 /* Service */,
				14054ACD2899E7DE00BB4E3B /* Fonts */,
				0E4F4ECF289BFAA90067592A /* TermsAndCondition.swift */,
				1410B92228A1440400C36902 /* CheckOutScreen.swift */,
				14A375C428A302A100B48F9D /* PasswordView.swift */,
				145663C5288D73B900852049 /* HomeOpenTableViewCell.swift */,
				1415AB75288B07100077CE08 /* HomeOpenView.swift */,
				1480986C289EA79D00B1BDE2 /* HomeOpenModel.swift */,
				14421BF728A12E4000EA46FE /* FinalizacaoCadastroView.swift */,
				14809870289EC3DC00B1BDE2 /* ProfessionViewModel.swift */,
				1480986E289EC3D000B1BDE2 /* ProfessionView.swift */,
				284DF2EA289D43860047F545 /* CheckInQrCodeViewController.swift */,
				14937D6B28A4703F004A1E7A /* HelpViewModel.swift */,
				14937D6928A47033004A1E7A /* HelpView.swift */,
				134D68102890151C00D5572B /* BulletPoint.swift */,
				134D68122890154E00D5572B /* TextField.swift */,
				14C8B70D289DC2C600ABC321 /* LoginView.swift */,
				1411D90128A4730D003AAB70 /* Reservations3-3ViewModel.swift */,
				1411D8FF28A47303003AAB70 /* Reservations3-3ViewController.swift */,
				134D68142890158A00D5572B /* RecuperacaoDeSenha3.swift */,
				1340F094289BF2D200F9A2A5 /* RecuperacaoDeSenha3ViewModel.swift */,
				14CBDBE12889B83900EA8EDD /* NomeViewModel.swift */,
				14CBDBDD2889B80400EA8EDD /* NomeView.swift */,
				145B07E228AABECA00ABCCF0 /* PhoneViewModel.swift */,
				145B07DE28AABE6900ABCCF0 /* PhoneView.swift */,
				145B07E428AABED600ABCCF0 /* EmailViewModel.swift */,
				145B07E028AABEAD00ABCCF0 /* EmailView.swift */,
				145663C7288D73C500852049 /* OpenDetailsCollectionViewCell.swift */,
				147AC2ED2891AB9B00ABE48E /* OpenDetailsView.swift */,
				1410B92428A1740400C36902 /* FilterScreen.swift */,
				14CBDBDB2889B7ED00EA8EDD /* FotoView.swift */,
				14DADD2F289037A1001A55F3 /* PasswordRecoveryEmailView.swift */,
				CF4A2AC528A19AE6001D9588 /* PasswordRecovery_sms.swift */,
				CFBF087228A2ACFC00D39DCF /* ActivitiesView.swift */,
				CFBF087328A2ACFC00D39DCF /* HobbiesView.swift */,
				CFFE8036288B051C00CA51BC /* ConfirmationCodeView.swift */,
				13F1768528941C6200C5FD05 /* ConfirmDataView.swift */,
				0ECFDE90289AD7E5005A009C /* AdviceCheckoutView.swift */,
				138C85AD2892BE2800997FBC /* MinhasReservas.swift */,
				138C85AF2892BF4200997FBC /* ReservaCell.swift */,
				1340F096289BFF3F00F9A2A5 /* Reservas2.swift */,
				C616D873289C3DFB0045AEED /* RegisterPassword.swift */,
				C616D877289C40C40045AEED /* ProfileScreen.swift */,
				13080CB328A17EC000A064B0 /* Network.swift */,
				13080CB828A17F2A00A064B0 /* AccessTokenModel.swift */,
				13080CBA28A17F6B00A064B0 /* StatesModel.swift */,
				14CBDBC52889B72300EA8EDD /* AppDelegate.swift */,
				14CBDBC72889B72300EA8EDD /* SceneDelegate.swift */,
				147B1C852898482100A5E3EE /* Assets.xcassets */,
				14F55C392889FE19003A8A34 /* TesteView.xib */,
				14CBDBD02889B72500EA8EDD /* LaunchScreen.storyboard */,
				14CBDBD32889B72500EA8EDD /* Info.plist */,
				306F6E9828A29D640057D49C /* FAQViewTableViewCell.swift */,
				306F6E9628A29D630057D49C /* FAQTableViewCell.swift */,
				306F6E9728A29D630057D49C /* FAQViewModel.swift */,
				306F6E9928A29D640057D49C /* FrequentlyAskedQuestionsView.swift */,
			);
			path = Teste;
			sourceTree = "<group>";
		};
/* End PBXGroup section */

/* Begin PBXNativeTarget section */
		14CBDBC12889B72300EA8EDD /* Teste */ = {
			isa = PBXNativeTarget;
			buildConfigurationList = 14CBDBD62889B72500EA8EDD /* Build configuration list for PBXNativeTarget "Teste" */;
			buildPhases = (
				14CBDBBE2889B72300EA8EDD /* Sources */,
				14CBDBBF2889B72300EA8EDD /* Frameworks */,
				14CBDBC02889B72300EA8EDD /* Resources */,
			);
			buildRules = (
			);
			dependencies = (
			);
			name = Teste;
			packageProductDependencies = (
				13080CB628A17F0000A064B0 /* Alamofire */,
			);
			productName = Teste;
			productReference = 14CBDBC22889B72300EA8EDD /* Teste.app */;
			productType = "com.apple.product-type.application";
		};
/* End PBXNativeTarget section */

/* Begin PBXProject section */
		14CBDBBA2889B72300EA8EDD /* Project object */ = {
			isa = PBXProject;
			attributes = {
				BuildIndependentTargetsInParallel = 1;
				LastSwiftUpdateCheck = 1320;
				LastUpgradeCheck = 1320;
				TargetAttributes = {
					14CBDBC12889B72300EA8EDD = {
						CreatedOnToolsVersion = 13.2;
					};
				};
			};
			buildConfigurationList = 14CBDBBD2889B72300EA8EDD /* Build configuration list for PBXProject "Teste" */;
			compatibilityVersion = "Xcode 13.0";
			developmentRegion = en;
			hasScannedForEncodings = 0;
			knownRegions = (
				en,
				Base,
			);
			mainGroup = 14CBDBB92889B72300EA8EDD;
			packageReferences = (
				13080CB528A17F0000A064B0 /* XCRemoteSwiftPackageReference "Alamofire" */,
			);
			productRefGroup = 14CBDBC32889B72300EA8EDD /* Products */;
			projectDirPath = "";
			projectRoot = "";
			targets = (
				14CBDBC12889B72300EA8EDD /* Teste */,
			);
		};
/* End PBXProject section */

/* Begin PBXResourcesBuildPhase section */
		14CBDBC02889B72300EA8EDD /* Resources */ = {
			isa = PBXResourcesBuildPhase;
			buildActionMask = 2147483647;
			files = (
				14054ACC2899E7BD00BB4E3B /* Ubuntu-Regular.ttf in Resources */,
				14054AC62899E7A500BB4E3B /* Ubuntu-Bold.ttf in Resources */,
				14054AC42899E79900BB4E3B /* KoHo-Bold.ttf in Resources */,
				14054ACA2899E7B600BB4E3B /* Ubuntu-Medium.ttf in Resources */,
				14CBDBD22889B72500EA8EDD /* LaunchScreen.storyboard in Resources */,
				147B1C862898482100A5E3EE /* Assets.xcassets in Resources */,
				14054AC82899E7AD00BB4E3B /* Ubuntu-Light.ttf in Resources */,
				14F55C3A2889FE19003A8A34 /* TesteView.xib in Resources */,
			);
			runOnlyForDeploymentPostprocessing = 0;
		};
/* End PBXResourcesBuildPhase section */

/* Begin PBXSourcesBuildPhase section */
		14CBDBBE2889B72300EA8EDD /* Sources */ = {
			isa = PBXSourcesBuildPhase;
			buildActionMask = 2147483647;
			files = (
				148A86EB289C64540019ECFE /* BravveTabBar.swift in Sources */,
				14A375C528A302A100B48F9D /* PasswordView.swift in Sources */,
				CFBF087528A2ACFC00D39DCF /* HobbiesView.swift in Sources */,
				1440616E28A2BD7900F82171 /* ImagesBravveEnum.swift in Sources */,
				14CBDBE22889B83900EA8EDD /* NomeViewModel.swift in Sources */,
				143C266E28A93C9100917E0C /* UIScrollView+Extension.swift in Sources */,
				284DF2EB289D43860047F545 /* CheckInQrCodeViewController.swift in Sources */,
				CFBF085E28A2810600D39DCF /* ModelUtilsV1.swift in Sources */,
				134D68152890158A00D5572B /* RecuperacaoDeSenha3.swift in Sources */,
				13080CB928A17F2A00A064B0 /* AccessTokenModel.swift in Sources */,
				143E967F28A2C0DC00532A1F /* EndPointsEnum.swift in Sources */,
				146A8BE628AAAB2F007650A8 /* MonthView.swift in Sources */,
				14C6954828944A3600BD3B79 /* UIViewExtension.swift in Sources */,
				1440616C28A2BD6E00F82171 /* ColorsBravveEnum.swift in Sources */,
				306F6E9B28A29D640057D49C /* FAQViewModel.swift in Sources */,
				146A8BE928AAAB55007650A8 /* WeekDaysView.swift in Sources */,
				14CBDBDE2889B80400EA8EDD /* NomeView.swift in Sources */,
				138C85AE2892BE2800997FBC /* MinhasReservas.swift in Sources */,
				1410B92328A1440400C36902 /* CheckOutScreen.swift in Sources */,
				CFBF086028A2810600D39DCF /* ModelReservationsV1.swift in Sources */,
				14937D6C28A4703F004A1E7A /* HelpViewModel.swift in Sources */,
				1478A22128995EBA00B409E5 /* IconsBravveEnum.swift in Sources */,
				145663C8288D73C500852049 /* OpenDetailsCollectionViewCell.swift in Sources */,
				14AA1CF12897FCC2008CCC31 /* CGFloatExtension.swift in Sources */,
				1478A21B28995E1000B409E5 /* FontsBravveEnum.swift in Sources */,
				13080CB428A17EC000A064B0 /* Network.swift in Sources */,
				14937D6A28A47033004A1E7A /* HelpView.swift in Sources */,
				CFFE8037288B051C00CA51BC /* ConfirmationCodeView.swift in Sources */,
				14CBDBC62889B72300EA8EDD /* AppDelegate.swift in Sources */,
				145B07E128AABEAD00ABCCF0 /* EmailView.swift in Sources */,
				147BA88428A81ECF006924C8 /* OrientationEnum.swift in Sources */,
				138C85B02892BF4200997FBC /* ReservaCell.swift in Sources */,
				134D68132890154E00D5572B /* TextField.swift in Sources */,
				14421BF828A12E4000EA46FE /* FinalizacaoCadastroView.swift in Sources */,
				CFBF085C28A2810600D39DCF /* ModelCorporatesV1.swift in Sources */,
				145B07E528AABED600ABCCF0 /* EmailViewModel.swift in Sources */,
				0E4F4ED0289BFAA90067592A /* TermsAndCondition.swift in Sources */,
				145B07E328AABECA00ABCCF0 /* PhoneViewModel.swift in Sources */,
				1411D90028A47303003AAB70 /* Reservations3-3ViewController.swift in Sources */,
				CFBF086128A2810600D39DCF /* ModelUsersV1.swift in Sources */,
				145663C6288D73B900852049 /* HomeOpenTableViewCell.swift in Sources */,
				0ECFDE91289AD7E5005A009C /* AdviceCheckoutView.swift in Sources */,
				140DA88728A3ECF000413161 /* BravveClosedTabBar.swift in Sources */,
				306F6E9A28A29D640057D49C /* FAQTableViewCell.swift in Sources */,
				14C6954428944A2E00BD3B79 /* UILabelExtension.swift in Sources */,
				1440616A28A2BD6700F82171 /* ButtonsBravveEnum.swift in Sources */,
				13080CBE28A1893200A064B0 /* ModelSitesV1.swift in Sources */,
				146A8BE428AAAAC9007650A8 /* CustomViewCalendar.swift in Sources */,
				C616D874289C3DFB0045AEED /* RegisterPassword.swift in Sources */,
				CFBF087428A2ACFC00D39DCF /* ActivitiesView.swift in Sources */,
				14C6954228944A2800BD3B79 /* UIImageViewExtension.swift in Sources */,
				1440616828A2BD5F00F82171 /* RideUpEnum.swift in Sources */,
				1340F097289BFF3F00F9A2A5 /* Reservas2.swift in Sources */,
				14C6954A28944A3900BD3B79 /* UIViewControllerExtension.swift in Sources */,
				1415AB76288B07100077CE08 /* HomeOpenView.swift in Sources */,
				14CBDBC82889B72300EA8EDD /* SceneDelegate.swift in Sources */,
				1410B92528A1740400C36902 /* FilterScreen.swift in Sources */,
				1340F095289BF2D200F9A2A5 /* RecuperacaoDeSenha3ViewModel.swift in Sources */,
				CFBF085D28A2810600D39DCF /* ModelSubscriptionsV1.swift in Sources */,
				147AC2EE2891AB9B00ABE48E /* OpenDetailsView.swift in Sources */,
				14CBDBDC2889B7ED00EA8EDD /* FotoView.swift in Sources */,
				13F1768628941C6200C5FD05 /* ConfirmDataView.swift in Sources */,
				CF4A2AC628A19AE6001D9588 /* PasswordRecovery_sms.swift in Sources */,
				306F6E9C28A29D640057D49C /* FAQViewTableViewCell.swift in Sources */,
				13080CBB28A17F6B00A064B0 /* StatesModel.swift in Sources */,
				146A8BEB28AAAB86007650A8 /* ThemeEnum.swift in Sources */,
				14C6954028944A1F00BD3B79 /* UIButtonExtension.swift in Sources */,
				14CBDBE02889B81A00EA8EDD /* StageEnum.swift in Sources */,
				1480986F289EC3D000B1BDE2 /* ProfessionView.swift in Sources */,
				C616D878289C40C40045AEED /* ProfileScreen.swift in Sources */,
				14809871289EC3DC00B1BDE2 /* ProfessionViewModel.swift in Sources */,
				145B07DF28AABE6900ABCCF0 /* PhoneView.swift in Sources */,
				143E968328A2DC8500532A1F /* BarWithFilterStruct.swift in Sources */,
				14C6954628944A3400BD3B79 /* UIStackViewExtension.swift in Sources */,
				306F6E9D28A29D640057D49C /* FrequentlyAskedQuestionsView.swift in Sources */,
				1480986D289EA79D00B1BDE2 /* HomeOpenModel.swift in Sources */,
				134D68112890151C00D5572B /* BulletPoint.swift in Sources */,
				13080CC028A18C4700A064B0 /* ModelSpacesV1.swift in Sources */,
				14C8B70E289DC2C600ABC321 /* LoginView.swift in Sources */,
				1411D90228A4730D003AAB70 /* Reservations3-3ViewModel.swift in Sources */,
				14DADD30289037A1001A55F3 /* PasswordRecoveryEmailView.swift in Sources */,
				CFBF085F28A2810600D39DCF /* ModelPartnersV1.swift in Sources */,
			);
			runOnlyForDeploymentPostprocessing = 0;
		};
/* End PBXSourcesBuildPhase section */

/* Begin PBXVariantGroup section */
		14CBDBD02889B72500EA8EDD /* LaunchScreen.storyboard */ = {
			isa = PBXVariantGroup;
			children = (
				14CBDBD12889B72500EA8EDD /* Base */,
			);
			name = LaunchScreen.storyboard;
			sourceTree = "<group>";
		};
/* End PBXVariantGroup section */

/* Begin XCBuildConfiguration section */
		14CBDBD42889B72500EA8EDD /* Debug */ = {
			isa = XCBuildConfiguration;
			buildSettings = {
				ALWAYS_SEARCH_USER_PATHS = NO;
				CLANG_ANALYZER_NONNULL = YES;
				CLANG_ANALYZER_NUMBER_OBJECT_CONVERSION = YES_AGGRESSIVE;
				CLANG_CXX_LANGUAGE_STANDARD = "gnu++17";
				CLANG_CXX_LIBRARY = "libc++";
				CLANG_ENABLE_MODULES = YES;
				CLANG_ENABLE_OBJC_ARC = YES;
				CLANG_ENABLE_OBJC_WEAK = YES;
				CLANG_WARN_BLOCK_CAPTURE_AUTORELEASING = YES;
				CLANG_WARN_BOOL_CONVERSION = YES;
				CLANG_WARN_COMMA = YES;
				CLANG_WARN_CONSTANT_CONVERSION = YES;
				CLANG_WARN_DEPRECATED_OBJC_IMPLEMENTATIONS = YES;
				CLANG_WARN_DIRECT_OBJC_ISA_USAGE = YES_ERROR;
				CLANG_WARN_DOCUMENTATION_COMMENTS = YES;
				CLANG_WARN_EMPTY_BODY = YES;
				CLANG_WARN_ENUM_CONVERSION = YES;
				CLANG_WARN_INFINITE_RECURSION = YES;
				CLANG_WARN_INT_CONVERSION = YES;
				CLANG_WARN_NON_LITERAL_NULL_CONVERSION = YES;
				CLANG_WARN_OBJC_IMPLICIT_RETAIN_SELF = YES;
				CLANG_WARN_OBJC_LITERAL_CONVERSION = YES;
				CLANG_WARN_OBJC_ROOT_CLASS = YES_ERROR;
				CLANG_WARN_QUOTED_INCLUDE_IN_FRAMEWORK_HEADER = YES;
				CLANG_WARN_RANGE_LOOP_ANALYSIS = YES;
				CLANG_WARN_STRICT_PROTOTYPES = YES;
				CLANG_WARN_SUSPICIOUS_MOVE = YES;
				CLANG_WARN_UNGUARDED_AVAILABILITY = YES_AGGRESSIVE;
				CLANG_WARN_UNREACHABLE_CODE = YES;
				CLANG_WARN__DUPLICATE_METHOD_MATCH = YES;
				COPY_PHASE_STRIP = NO;
				DEBUG_INFORMATION_FORMAT = dwarf;
				ENABLE_STRICT_OBJC_MSGSEND = YES;
				ENABLE_TESTABILITY = YES;
				GCC_C_LANGUAGE_STANDARD = gnu11;
				GCC_DYNAMIC_NO_PIC = NO;
				GCC_NO_COMMON_BLOCKS = YES;
				GCC_OPTIMIZATION_LEVEL = 0;
				GCC_PREPROCESSOR_DEFINITIONS = (
					"DEBUG=1",
					"$(inherited)",
				);
				GCC_WARN_64_TO_32_BIT_CONVERSION = YES;
				GCC_WARN_ABOUT_RETURN_TYPE = YES_ERROR;
				GCC_WARN_UNDECLARED_SELECTOR = YES;
				GCC_WARN_UNINITIALIZED_AUTOS = YES_AGGRESSIVE;
				GCC_WARN_UNUSED_FUNCTION = YES;
				GCC_WARN_UNUSED_VARIABLE = YES;
				IPHONEOS_DEPLOYMENT_TARGET = 15.2;
				MTL_ENABLE_DEBUG_INFO = INCLUDE_SOURCE;
				MTL_FAST_MATH = YES;
				ONLY_ACTIVE_ARCH = YES;
				SDKROOT = iphoneos;
				SWIFT_ACTIVE_COMPILATION_CONDITIONS = DEBUG;
				SWIFT_OPTIMIZATION_LEVEL = "-Onone";
			};
			name = Debug;
		};
		14CBDBD52889B72500EA8EDD /* Release */ = {
			isa = XCBuildConfiguration;
			buildSettings = {
				ALWAYS_SEARCH_USER_PATHS = NO;
				CLANG_ANALYZER_NONNULL = YES;
				CLANG_ANALYZER_NUMBER_OBJECT_CONVERSION = YES_AGGRESSIVE;
				CLANG_CXX_LANGUAGE_STANDARD = "gnu++17";
				CLANG_CXX_LIBRARY = "libc++";
				CLANG_ENABLE_MODULES = YES;
				CLANG_ENABLE_OBJC_ARC = YES;
				CLANG_ENABLE_OBJC_WEAK = YES;
				CLANG_WARN_BLOCK_CAPTURE_AUTORELEASING = YES;
				CLANG_WARN_BOOL_CONVERSION = YES;
				CLANG_WARN_COMMA = YES;
				CLANG_WARN_CONSTANT_CONVERSION = YES;
				CLANG_WARN_DEPRECATED_OBJC_IMPLEMENTATIONS = YES;
				CLANG_WARN_DIRECT_OBJC_ISA_USAGE = YES_ERROR;
				CLANG_WARN_DOCUMENTATION_COMMENTS = YES;
				CLANG_WARN_EMPTY_BODY = YES;
				CLANG_WARN_ENUM_CONVERSION = YES;
				CLANG_WARN_INFINITE_RECURSION = YES;
				CLANG_WARN_INT_CONVERSION = YES;
				CLANG_WARN_NON_LITERAL_NULL_CONVERSION = YES;
				CLANG_WARN_OBJC_IMPLICIT_RETAIN_SELF = YES;
				CLANG_WARN_OBJC_LITERAL_CONVERSION = YES;
				CLANG_WARN_OBJC_ROOT_CLASS = YES_ERROR;
				CLANG_WARN_QUOTED_INCLUDE_IN_FRAMEWORK_HEADER = YES;
				CLANG_WARN_RANGE_LOOP_ANALYSIS = YES;
				CLANG_WARN_STRICT_PROTOTYPES = YES;
				CLANG_WARN_SUSPICIOUS_MOVE = YES;
				CLANG_WARN_UNGUARDED_AVAILABILITY = YES_AGGRESSIVE;
				CLANG_WARN_UNREACHABLE_CODE = YES;
				CLANG_WARN__DUPLICATE_METHOD_MATCH = YES;
				COPY_PHASE_STRIP = NO;
				DEBUG_INFORMATION_FORMAT = "dwarf-with-dsym";
				ENABLE_NS_ASSERTIONS = NO;
				ENABLE_STRICT_OBJC_MSGSEND = YES;
				GCC_C_LANGUAGE_STANDARD = gnu11;
				GCC_NO_COMMON_BLOCKS = YES;
				GCC_WARN_64_TO_32_BIT_CONVERSION = YES;
				GCC_WARN_ABOUT_RETURN_TYPE = YES_ERROR;
				GCC_WARN_UNDECLARED_SELECTOR = YES;
				GCC_WARN_UNINITIALIZED_AUTOS = YES_AGGRESSIVE;
				GCC_WARN_UNUSED_FUNCTION = YES;
				GCC_WARN_UNUSED_VARIABLE = YES;
				IPHONEOS_DEPLOYMENT_TARGET = 15.2;
				MTL_ENABLE_DEBUG_INFO = NO;
				MTL_FAST_MATH = YES;
				SDKROOT = iphoneos;
				SWIFT_COMPILATION_MODE = wholemodule;
				SWIFT_OPTIMIZATION_LEVEL = "-O";
				VALIDATE_PRODUCT = YES;
			};
			name = Release;
		};
		14CBDBD72889B72500EA8EDD /* Debug */ = {
			isa = XCBuildConfiguration;
			buildSettings = {
				ASSETCATALOG_COMPILER_APPICON_NAME = AppIcon;
				ASSETCATALOG_COMPILER_GLOBAL_ACCENT_COLOR_NAME = AccentColor;
				CODE_SIGN_STYLE = Automatic;
				CURRENT_PROJECT_VERSION = 1;
				GENERATE_INFOPLIST_FILE = YES;
				INFOPLIST_FILE = Teste/Info.plist;
				INFOPLIST_KEY_UIApplicationSupportsIndirectInputEvents = YES;
				INFOPLIST_KEY_UILaunchStoryboardName = LaunchScreen;
				INFOPLIST_KEY_UISupportedInterfaceOrientations_iPad = "UIInterfaceOrientationPortrait UIInterfaceOrientationPortraitUpsideDown UIInterfaceOrientationLandscapeLeft UIInterfaceOrientationLandscapeRight";
				INFOPLIST_KEY_UISupportedInterfaceOrientations_iPhone = "UIInterfaceOrientationPortrait UIInterfaceOrientationLandscapeLeft UIInterfaceOrientationLandscapeRight";
				LD_RUNPATH_SEARCH_PATHS = (
					"$(inherited)",
					"@executable_path/Frameworks",
				);
				MARKETING_VERSION = 1.0;
				PRODUCT_BUNDLE_IDENTIFIER = "-Sys.Teste";
				PRODUCT_NAME = "$(TARGET_NAME)";
				SWIFT_EMIT_LOC_STRINGS = YES;
				SWIFT_VERSION = 5.0;
				TARGETED_DEVICE_FAMILY = "1,2";
			};
			name = Debug;
		};
		14CBDBD82889B72500EA8EDD /* Release */ = {
			isa = XCBuildConfiguration;
			buildSettings = {
				ASSETCATALOG_COMPILER_APPICON_NAME = AppIcon;
				ASSETCATALOG_COMPILER_GLOBAL_ACCENT_COLOR_NAME = AccentColor;
				CODE_SIGN_STYLE = Automatic;
				CURRENT_PROJECT_VERSION = 1;
				GENERATE_INFOPLIST_FILE = YES;
				INFOPLIST_FILE = Teste/Info.plist;
				INFOPLIST_KEY_UIApplicationSupportsIndirectInputEvents = YES;
				INFOPLIST_KEY_UILaunchStoryboardName = LaunchScreen;
				INFOPLIST_KEY_UISupportedInterfaceOrientations_iPad = "UIInterfaceOrientationPortrait UIInterfaceOrientationPortraitUpsideDown UIInterfaceOrientationLandscapeLeft UIInterfaceOrientationLandscapeRight";
				INFOPLIST_KEY_UISupportedInterfaceOrientations_iPhone = "UIInterfaceOrientationPortrait UIInterfaceOrientationLandscapeLeft UIInterfaceOrientationLandscapeRight";
				LD_RUNPATH_SEARCH_PATHS = (
					"$(inherited)",
					"@executable_path/Frameworks",
				);
				MARKETING_VERSION = 1.0;
				PRODUCT_BUNDLE_IDENTIFIER = "-Sys.Teste";
				PRODUCT_NAME = "$(TARGET_NAME)";
				SWIFT_EMIT_LOC_STRINGS = YES;
				SWIFT_VERSION = 5.0;
				TARGETED_DEVICE_FAMILY = "1,2";
			};
			name = Release;
		};
/* End XCBuildConfiguration section */

/* Begin XCConfigurationList section */
		14CBDBBD2889B72300EA8EDD /* Build configuration list for PBXProject "Teste" */ = {
			isa = XCConfigurationList;
			buildConfigurations = (
				14CBDBD42889B72500EA8EDD /* Debug */,
				14CBDBD52889B72500EA8EDD /* Release */,
			);
			defaultConfigurationIsVisible = 0;
			defaultConfigurationName = Release;
		};
		14CBDBD62889B72500EA8EDD /* Build configuration list for PBXNativeTarget "Teste" */ = {
			isa = XCConfigurationList;
			buildConfigurations = (
				14CBDBD72889B72500EA8EDD /* Debug */,
				14CBDBD82889B72500EA8EDD /* Release */,
			);
			defaultConfigurationIsVisible = 0;
			defaultConfigurationName = Release;
		};
/* End XCConfigurationList section */

/* Begin XCRemoteSwiftPackageReference section */
		13080CB528A17F0000A064B0 /* XCRemoteSwiftPackageReference "Alamofire" */ = {
			isa = XCRemoteSwiftPackageReference;
			repositoryURL = "https://github.com/Alamofire/Alamofire.git";
			requirement = {
				kind = upToNextMajorVersion;
				minimumVersion = 5.0.0;
			};
		};
/* End XCRemoteSwiftPackageReference section */

/* Begin XCSwiftPackageProductDependency section */
		13080CB628A17F0000A064B0 /* Alamofire */ = {
			isa = XCSwiftPackageProductDependency;
			package = 13080CB528A17F0000A064B0 /* XCRemoteSwiftPackageReference "Alamofire" */;
			productName = Alamofire;
		};
/* End XCSwiftPackageProductDependency section */
	};
	rootObject = 14CBDBBA2889B72300EA8EDD /* Project object */;
}
